
Microsoft Visual Studio Solution File, Format Version 12.00
# Visual Studio Version 16
VisualStudioVersion = 16.0.29613.14
MinimumVisualStudioVersion = 10.0.40219.1
Project("{FAE04EC0-301F-11D3-BF4B-00C04F79EFBC}") = "Portfolio WebApp", "Portfolio WebApp\Portfolio WebApp.csproj", "{FE2DE28F-E3B3-4D3C-8733-2FAE90EABC38}"
EndProject
Project("{FAE04EC0-301F-11D3-BF4B-00C04F79EFBC}") = "Core1", "Core1\Core1.csproj", "{5548263D-83E5-49E3-8621-D1E26B1DC5B3}"
EndProject
Project("{FAE04EC0-301F-11D3-BF4B-00C04F79EFBC}") = "InfoStructure", "InfoStructure\InfoStructure.csproj", "{8C196EBF-F221-44BC-A151-9E832120AA79}"
EndProject
Global
	GlobalSection(SolutionConfigurationPlatforms) = preSolution
		Debug|Any CPU = Debug|Any CPU
		Release|Any CPU = Release|Any CPU
	EndGlobalSection
	GlobalSection(ProjectConfigurationPlatforms) = postSolution
		{FE2DE28F-E3B3-4D3C-8733-2FAE90EABC38}.Debug|Any CPU.ActiveCfg = Debug|Any CPU
		{FE2DE28F-E3B3-4D3C-8733-2FAE90EABC38}.Debug|Any CPU.Build.0 = Debug|Any CPU
		{FE2DE28F-E3B3-4D3C-8733-2FAE90EABC38}.Release|Any CPU.ActiveCfg = Release|Any CPU
		{FE2DE28F-E3B3-4D3C-8733-2FAE90EABC38}.Release|Any CPU.Build.0 = Release|Any CPU
		{5548263D-83E5-49E3-8621-D1E26B1DC5B3}.Debug|Any CPU.ActiveCfg = Debug|Any CPU
		{5548263D-83E5-49E3-8621-D1E26B1DC5B3}.Debug|Any CPU.Build.0 = Debug|Any CPU
		{5548263D-83E5-49E3-8621-D1E26B1DC5B3}.Release|Any CPU.ActiveCfg = Release|Any CPU
		{5548263D-83E5-49E3-8621-D1E26B1DC5B3}.Release|Any CPU.Build.0 = Release|Any CPU
		{8C196EBF-F221-44BC-A151-9E832120AA79}.Debug|Any CPU.ActiveCfg = Debug|Any CPU
		{8C196EBF-F221-44BC-A151-9E832120AA79}.Debug|Any CPU.Build.0 = Debug|Any CPU
		{8C196EBF-F221-44BC-A151-9E832120AA79}.Release|Any CPU.ActiveCfg = Release|Any CPU
		{8C196EBF-F221-44BC-A151-9E832120AA79}.Release|Any CPU.Build.0 = Release|Any CPU
	EndGlobalSection
	GlobalSection(SolutionProperties) = preSolution
		HideSolutionNode = FALSE
	EndGlobalSection
	GlobalSection(ExtensibilityGlobals) = postSolution
		SolutionGuid = {1E794B0E-82F8-4CD6-A1B5-2F9B13814A92}
	EndGlobalSection
EndGlobal
